
Microsoft Visual Studio Solution File, Format Version 12.00
# Visual Studio 2012
Project("{8BC9CEB8-8B4A-11D0-8D11-00A0C91BC942}") = "lutok", "lutok\lutok.vcxproj", "{0D955293-AA93-418D-A0FA-B6F1BBC49277}"
EndProject
Project("{8BC9CEB8-8B4A-11D0-8D11-00A0C91BC942}") = "example", "example\example.vcxproj", "{9EA09FD3-9E41-450E-8471-334458A652AD}"
EndProject
Global
	GlobalSection(SolutionConfigurationPlatforms) = preSolution
		Debug|Win32 = Debug|Win32
		Release|Win32 = Release|Win32
	EndGlobalSection
	GlobalSection(ProjectConfigurationPlatforms) = postSolution
		{0D955293-AA93-418D-A0FA-B6F1BBC49277}.Debug|Win32.ActiveCfg = Debug|Win32
		{0D955293-AA93-418D-A0FA-B6F1BBC49277}.Debug|Win32.Build.0 = Debug|Win32
		{0D955293-AA93-418D-A0FA-B6F1BBC49277}.Release|Win32.ActiveCfg = Release|Win32
		{0D955293-AA93-418D-A0FA-B6F1BBC49277}.Release|Win32.Build.0 = Release|Win32
		{9EA09FD3-9E41-450E-8471-334458A652AD}.Debug|Win32.ActiveCfg = Debug|Win32
		{9EA09FD3-9E41-450E-8471-334458A652AD}.Debug|Win32.Build.0 = Debug|Win32
		{9EA09FD3-9E41-450E-8471-334458A652AD}.Release|Win32.ActiveCfg = Release|Win32
		{9EA09FD3-9E41-450E-8471-334458A652AD}.Release|Win32.Build.0 = Release|Win32
	EndGlobalSection
	GlobalSection(SolutionProperties) = preSolution
		HideSolutionNode = FALSE
	EndGlobalSection
EndGlobal
